
Microsoft Visual Studio Solution File, Format Version 12.00
# Visual Studio 15
VisualStudioVersion = 15.0.28307.572
MinimumVisualStudioVersion = 10.0.40219.1
Project("{2150E333-8FDC-42A3-9474-1A3956D46DE8}") = "Catalog", "Catalog", "{71BA73F5-8B40-449B-BFC1-B72527CF7E2B}"
EndProject
Project("{9A19103F-16F7-4668-BE54-9A1E7A4F7556}") = "DAL", "Catalog\ClassLibrary1\ClassLibrary1\DAL.csproj", "{EDAAF37C-F434-4F62-92C6-50374DD56B0B}"
EndProject
Project("{9A19103F-16F7-4668-BE54-9A1E7A4F7556}") = "DAL.Tests", "Catalog\DAL.Tests\DAL.Tests\DAL.Tests.csproj", "{B3204F89-09FE-4799-BAC9-348158134840}"
EndProject
Project("{FAE04EC0-301F-11D3-BF4B-00C04F79EFBC}") = "BLL", "BLL\BLL.csproj", "{3C4BB215-4E8A-4B3E-BAE6-FAF76FB393F9}"
EndProject
Project("{FAE04EC0-301F-11D3-BF4B-00C04F79EFBC}") = "CCL", "CCL\CCL.csproj", "{320CA2EA-E86F-45B7-8FD2-6B450C20FCB7}"
EndProject
Project("{FAE04EC0-301F-11D3-BF4B-00C04F79EFBC}") = "BLL.Tests", "BLL.Tests\BLL.Tests.csproj", "{537A8C0F-4E41-4A5E-A32E-478CC0C5BBC3}"
EndProject
Global
	GlobalSection(SolutionConfigurationPlatforms) = preSolution
		Debug|Any CPU = Debug|Any CPU
		Release|Any CPU = Release|Any CPU
	EndGlobalSection
	GlobalSection(ProjectConfigurationPlatforms) = postSolution
		{EDAAF37C-F434-4F62-92C6-50374DD56B0B}.Debug|Any CPU.ActiveCfg = Debug|Any CPU
		{EDAAF37C-F434-4F62-92C6-50374DD56B0B}.Debug|Any CPU.Build.0 = Debug|Any CPU
		{EDAAF37C-F434-4F62-92C6-50374DD56B0B}.Release|Any CPU.ActiveCfg = Release|Any CPU
		{EDAAF37C-F434-4F62-92C6-50374DD56B0B}.Release|Any CPU.Build.0 = Release|Any CPU
		{B3204F89-09FE-4799-BAC9-348158134840}.Debug|Any CPU.ActiveCfg = Debug|Any CPU
		{B3204F89-09FE-4799-BAC9-348158134840}.Debug|Any CPU.Build.0 = Debug|Any CPU
		{B3204F89-09FE-4799-BAC9-348158134840}.Release|Any CPU.ActiveCfg = Release|Any CPU
		{B3204F89-09FE-4799-BAC9-348158134840}.Release|Any CPU.Build.0 = Release|Any CPU
		{3C4BB215-4E8A-4B3E-BAE6-FAF76FB393F9}.Debug|Any CPU.ActiveCfg = Debug|Any CPU
		{3C4BB215-4E8A-4B3E-BAE6-FAF76FB393F9}.Debug|Any CPU.Build.0 = Debug|Any CPU
		{3C4BB215-4E8A-4B3E-BAE6-FAF76FB393F9}.Release|Any CPU.ActiveCfg = Release|Any CPU
		{3C4BB215-4E8A-4B3E-BAE6-FAF76FB393F9}.Release|Any CPU.Build.0 = Release|Any CPU
		{320CA2EA-E86F-45B7-8FD2-6B450C20FCB7}.Debug|Any CPU.ActiveCfg = Debug|Any CPU
		{320CA2EA-E86F-45B7-8FD2-6B450C20FCB7}.Debug|Any CPU.Build.0 = Debug|Any CPU
		{320CA2EA-E86F-45B7-8FD2-6B450C20FCB7}.Release|Any CPU.ActiveCfg = Release|Any CPU
		{320CA2EA-E86F-45B7-8FD2-6B450C20FCB7}.Release|Any CPU.Build.0 = Release|Any CPU
		{537A8C0F-4E41-4A5E-A32E-478CC0C5BBC3}.Debug|Any CPU.ActiveCfg = Debug|Any CPU
		{537A8C0F-4E41-4A5E-A32E-478CC0C5BBC3}.Debug|Any CPU.Build.0 = Debug|Any CPU
		{537A8C0F-4E41-4A5E-A32E-478CC0C5BBC3}.Release|Any CPU.ActiveCfg = Release|Any CPU
		{537A8C0F-4E41-4A5E-A32E-478CC0C5BBC3}.Release|Any CPU.Build.0 = Release|Any CPU
	EndGlobalSection
	GlobalSection(SolutionProperties) = preSolution
		HideSolutionNode = FALSE
	EndGlobalSection
	GlobalSection(NestedProjects) = preSolution
		{EDAAF37C-F434-4F62-92C6-50374DD56B0B} = {71BA73F5-8B40-449B-BFC1-B72527CF7E2B}
		{B3204F89-09FE-4799-BAC9-348158134840} = {71BA73F5-8B40-449B-BFC1-B72527CF7E2B}
		{3C4BB215-4E8A-4B3E-BAE6-FAF76FB393F9} = {71BA73F5-8B40-449B-BFC1-B72527CF7E2B}
		{320CA2EA-E86F-45B7-8FD2-6B450C20FCB7} = {71BA73F5-8B40-449B-BFC1-B72527CF7E2B}
		{537A8C0F-4E41-4A5E-A32E-478CC0C5BBC3} = {71BA73F5-8B40-449B-BFC1-B72527CF7E2B}
	EndGlobalSection
	GlobalSection(ExtensibilityGlobals) = postSolution
		SolutionGuid = {36DFD017-DC02-4DF2-A51A-F725FAB42327}
	EndGlobalSection
EndGlobal
