
Microsoft Visual Studio Solution File, Format Version 12.00
# Visual Studio 15
VisualStudioVersion = 15.0.28307.572
MinimumVisualStudioVersion = 10.0.40219.1
Project("{9A19103F-16F7-4668-BE54-9A1E7A4F7556}") = "ClassLibrary1", "Catalog\ClassLibrary1\ClassLibrary1\ClassLibrary1.csproj", "{73B931C8-571E-4501-BE55-26D5568A71E2}"
EndProject
Project("{9A19103F-16F7-4668-BE54-9A1E7A4F7556}") = "DAL.Tests", "Catalog\DAL.Tests\DAL.Tests\DAL.Tests.csproj", "{690544C0-55B1-4FD4-A179-A7857893150D}"
EndProject
Global
	GlobalSection(SolutionConfigurationPlatforms) = preSolution
		Debug|Any CPU = Debug|Any CPU
		Release|Any CPU = Release|Any CPU
	EndGlobalSection
	GlobalSection(ProjectConfigurationPlatforms) = postSolution
		{73B931C8-571E-4501-BE55-26D5568A71E2}.Debug|Any CPU.ActiveCfg = Debug|Any CPU
		{73B931C8-571E-4501-BE55-26D5568A71E2}.Debug|Any CPU.Build.0 = Debug|Any CPU
		{73B931C8-571E-4501-BE55-26D5568A71E2}.Release|Any CPU.ActiveCfg = Release|Any CPU
		{73B931C8-571E-4501-BE55-26D5568A71E2}.Release|Any CPU.Build.0 = Release|Any CPU
		{690544C0-55B1-4FD4-A179-A7857893150D}.Debug|Any CPU.ActiveCfg = Debug|Any CPU
		{690544C0-55B1-4FD4-A179-A7857893150D}.Debug|Any CPU.Build.0 = Debug|Any CPU
		{690544C0-55B1-4FD4-A179-A7857893150D}.Release|Any CPU.ActiveCfg = Release|Any CPU
		{690544C0-55B1-4FD4-A179-A7857893150D}.Release|Any CPU.Build.0 = Release|Any CPU
	EndGlobalSection
	GlobalSection(SolutionProperties) = preSolution
		HideSolutionNode = FALSE
	EndGlobalSection
	GlobalSection(ExtensibilityGlobals) = postSolution
		SolutionGuid = {36DFD017-DC02-4DF2-A51A-F725FAB42327}
	EndGlobalSection
EndGlobal
