
Microsoft Visual Studio Solution File, Format Version 12.00
# Visual Studio 15
VisualStudioVersion = 15.0.28307.572
MinimumVisualStudioVersion = 10.0.40219.1
Project("{FAE04EC0-301F-11D3-BF4B-00C04F79EFBC}") = "DAL.Tests", "DAL.Tests\DAL.Tests.csproj", "{E111D0D0-7ED5-48E0-81E0-879B5B8BB8C1}"
EndProject
Global
	GlobalSection(SolutionConfigurationPlatforms) = preSolution
		Debug|Any CPU = Debug|Any CPU
		Release|Any CPU = Release|Any CPU
	EndGlobalSection
	GlobalSection(ProjectConfigurationPlatforms) = postSolution
		{E111D0D0-7ED5-48E0-81E0-879B5B8BB8C1}.Debug|Any CPU.ActiveCfg = Debug|Any CPU
		{E111D0D0-7ED5-48E0-81E0-879B5B8BB8C1}.Debug|Any CPU.Build.0 = Debug|Any CPU
		{E111D0D0-7ED5-48E0-81E0-879B5B8BB8C1}.Release|Any CPU.ActiveCfg = Release|Any CPU
		{E111D0D0-7ED5-48E0-81E0-879B5B8BB8C1}.Release|Any CPU.Build.0 = Release|Any CPU
	EndGlobalSection
	GlobalSection(SolutionProperties) = preSolution
		HideSolutionNode = FALSE
	EndGlobalSection
	GlobalSection(ExtensibilityGlobals) = postSolution
		SolutionGuid = {0B4701F9-7E83-45A0-A80C-026BD5124352}
	EndGlobalSection
EndGlobal
